
Microsoft Visual Studio Solution File, Format Version 12.00
# Visual Studio Version 17
VisualStudioVersion = 17.4.33110.190
MinimumVisualStudioVersion = 10.0.40219.1
Project("{9A19103F-16F7-4668-BE54-9A1E7A4F7556}") = "ExperienceCatalogCLI", "ExperienceCatalogCLI\ExperienceCatalogCLI.csproj", "{EA2A1A1F-48C0-4A35-87F6-0C5DC3D21FEE}"
EndProject
Project("{9A19103F-16F7-4668-BE54-9A1E7A4F7556}") = "experience-catalog", "experience-catalog-service\experience-catalog.csproj", "{D62B9651-7B84-47BC-BD1A-B5B160ACF048}"
EndProject
Global
	GlobalSection(SolutionConfigurationPlatforms) = preSolution
		Debug|Any CPU = Debug|Any CPU
		Release|Any CPU = Release|Any CPU
	EndGlobalSection
	GlobalSection(ProjectConfigurationPlatforms) = postSolution
		{EA2A1A1F-48C0-4A35-87F6-0C5DC3D21FEE}.Debug|Any CPU.ActiveCfg = Debug|Any CPU
		{EA2A1A1F-48C0-4A35-87F6-0C5DC3D21FEE}.Debug|Any CPU.Build.0 = Debug|Any CPU
		{EA2A1A1F-48C0-4A35-87F6-0C5DC3D21FEE}.Release|Any CPU.ActiveCfg = Release|Any CPU
		{EA2A1A1F-48C0-4A35-87F6-0C5DC3D21FEE}.Release|Any CPU.Build.0 = Release|Any CPU
		{D62B9651-7B84-47BC-BD1A-B5B160ACF048}.Debug|Any CPU.ActiveCfg = Debug|Any CPU
		{D62B9651-7B84-47BC-BD1A-B5B160ACF048}.Debug|Any CPU.Build.0 = Debug|Any CPU
		{D62B9651-7B84-47BC-BD1A-B5B160ACF048}.Release|Any CPU.ActiveCfg = Release|Any CPU
		{D62B9651-7B84-47BC-BD1A-B5B160ACF048}.Release|Any CPU.Build.0 = Release|Any CPU
	EndGlobalSection
	GlobalSection(SolutionProperties) = preSolution
		HideSolutionNode = FALSE
	EndGlobalSection
	GlobalSection(ExtensibilityGlobals) = postSolution
		SolutionGuid = {924586E6-72FA-4812-AAA9-BB1B6646C225}
	EndGlobalSection
EndGlobal
